dependencies:
- name: eck-operator
  repository: https://helm.elastic.co
  version: 2.12.1
- name: opensearch
  repository: https://opensearch-project.github.io/helm-charts/
  version: 2.19.0
digest: sha256:3e4b547176e4ca648c033113d2d798bc519ee1021638437a41f4939a59ceff80
generated: "2024-05-07T16:23:41.28577-04:00"
